
Microsoft Visual Studio Solution File, Format Version 12.00
# Visual Studio Version 16
VisualStudioVersion = 16.0.31624.102
MinimumVisualStudioVersion = 10.0.40219.1
Project("{FAE04EC0-301F-11D3-BF4B-00C04F79EFBC}") = "Prova1", "Prova1\Prova1.csproj", "{FC2B58EA-4FE8-4274-9046-7777F515B790}"
EndProject
Global
	GlobalSection(SolutionConfigurationPlatforms) = preSolution
		Debug|Any CPU = Debug|Any CPU
		Release|Any CPU = Release|Any CPU
	EndGlobalSection
	GlobalSection(ProjectConfigurationPlatforms) = postSolution
		{FC2B58EA-4FE8-4274-9046-7777F515B790}.Debug|Any CPU.ActiveCfg = Debug|Any CPU
		{FC2B58EA-4FE8-4274-9046-7777F515B790}.Debug|Any CPU.Build.0 = Debug|Any CPU
		{FC2B58EA-4FE8-4274-9046-7777F515B790}.Release|Any CPU.ActiveCfg = Release|Any CPU
		{FC2B58EA-4FE8-4274-9046-7777F515B790}.Release|Any CPU.Build.0 = Release|Any CPU
	EndGlobalSection
	GlobalSection(SolutionProperties) = preSolution
		HideSolutionNode = FALSE
	EndGlobalSection
	GlobalSection(ExtensibilityGlobals) = postSolution
		SolutionGuid = {DFAF2112-ACAB-41C0-890F-97EDBED2C149}
	EndGlobalSection
EndGlobal
